
Microsoft Visual Studio Solution File, Format Version 12.00
# Visual Studio Version 17
VisualStudioVersion = 17.12.35527.113
MinimumVisualStudioVersion = 10.0.40219.1
Project("{FAE04EC0-301F-11D3-BF4B-00C04F79EFBC}") = "MarketDataCenter", "MarketDataCenter\MarketDataCenter.csproj", "{2CF6BC49-FD22-4107-8288-DE675B0FAC06}"
EndProject
Project("{FAE04EC0-301F-11D3-BF4B-00C04F79EFBC}") = "Shared.Entities", "Shared.Entities\Shared.Entities.csproj", "{3B590771-16D0-4711-BCAC-9EE92FCABD87}"
EndProject
Global
	GlobalSection(SolutionConfigurationPlatforms) = preSolution
		Debug|Any CPU = Debug|Any CPU
		Release|Any CPU = Release|Any CPU
	EndGlobalSection
	GlobalSection(ProjectConfigurationPlatforms) = postSolution
		{2CF6BC49-FD22-4107-8288-DE675B0FAC06}.Debug|Any CPU.ActiveCfg = Debug|Any CPU
		{2CF6BC49-FD22-4107-8288-DE675B0FAC06}.Debug|Any CPU.Build.0 = Debug|Any CPU
		{2CF6BC49-FD22-4107-8288-DE675B0FAC06}.Release|Any CPU.ActiveCfg = Release|Any CPU
		{2CF6BC49-FD22-4107-8288-DE675B0FAC06}.Release|Any CPU.Build.0 = Release|Any CPU
		{3B590771-16D0-4711-BCAC-9EE92FCABD87}.Debug|Any CPU.ActiveCfg = Debug|Any CPU
		{3B590771-16D0-4711-BCAC-9EE92FCABD87}.Debug|Any CPU.Build.0 = Debug|Any CPU
		{3B590771-16D0-4711-BCAC-9EE92FCABD87}.Release|Any CPU.ActiveCfg = Release|Any CPU
		{3B590771-16D0-4711-BCAC-9EE92FCABD87}.Release|Any CPU.Build.0 = Release|Any CPU
	EndGlobalSection
	GlobalSection(SolutionProperties) = preSolution
		HideSolutionNode = FALSE
	EndGlobalSection
EndGlobal
